
Microsoft Visual Studio Solution File, Format Version 12.00
# Visual Studio Version 17
VisualStudioVersion = 17.3.32929.385
MinimumVisualStudioVersion = 10.0.40219.1
Project("{FAE04EC0-301F-11D3-BF4B-00C04F79EFBC}") = "Entity", "Entity\Entity.csproj", "{F844F1D8-E789-4461-A19F-80C04B1BAD8B}"
EndProject
Global
	GlobalSection(SolutionConfigurationPlatforms) = preSolution
		Debug|Any CPU = Debug|Any CPU
		Release|Any CPU = Release|Any CPU
	EndGlobalSection
	GlobalSection(ProjectConfigurationPlatforms) = postSolution
		{F844F1D8-E789-4461-A19F-80C04B1BAD8B}.Debug|Any CPU.ActiveCfg = Debug|Any CPU
		{F844F1D8-E789-4461-A19F-80C04B1BAD8B}.Debug|Any CPU.Build.0 = Debug|Any CPU
		{F844F1D8-E789-4461-A19F-80C04B1BAD8B}.Release|Any CPU.ActiveCfg = Release|Any CPU
		{F844F1D8-E789-4461-A19F-80C04B1BAD8B}.Release|Any CPU.Build.0 = Release|Any CPU
	EndGlobalSection
	GlobalSection(SolutionProperties) = preSolution
		HideSolutionNode = FALSE
	EndGlobalSection
	GlobalSection(ExtensibilityGlobals) = postSolution
		SolutionGuid = {7165372A-148B-45F2-8F1D-6DE581F58B52}
	EndGlobalSection
EndGlobal
